
Microsoft Visual Studio Solution File, Format Version 12.00
# Visual Studio Version 17
VisualStudioVersion = 17.7.34031.279
MinimumVisualStudioVersion = 10.0.40219.1
Project("{FAE04EC0-301F-11D3-BF4B-00C04F79EFBC}") = "Ordenar", "Ordenar.csproj", "{B2ACE1FA-91DF-4710-B510-F2F3647CFE7A}"
EndProject
Global
	GlobalSection(SolutionConfigurationPlatforms) = preSolution
		Debug|Any CPU = Debug|Any CPU
		Release|Any CPU = Release|Any CPU
	EndGlobalSection
	GlobalSection(ProjectConfigurationPlatforms) = postSolution
		{B2ACE1FA-91DF-4710-B510-F2F3647CFE7A}.Debug|Any CPU.ActiveCfg = Debug|Any CPU
		{B2ACE1FA-91DF-4710-B510-F2F3647CFE7A}.Debug|Any CPU.Build.0 = Debug|Any CPU
		{B2ACE1FA-91DF-4710-B510-F2F3647CFE7A}.Release|Any CPU.ActiveCfg = Release|Any CPU
		{B2ACE1FA-91DF-4710-B510-F2F3647CFE7A}.Release|Any CPU.Build.0 = Release|Any CPU
	EndGlobalSection
	GlobalSection(SolutionProperties) = preSolution
		HideSolutionNode = FALSE
	EndGlobalSection
	GlobalSection(ExtensibilityGlobals) = postSolution
		SolutionGuid = {BD745493-39D5-4DE8-8A2E-3C8685CAAEE5}
	EndGlobalSection
EndGlobal
